
Microsoft Visual Studio Solution File, Format Version 12.00
# Visual Studio 14
VisualStudioVersion = 14.0.25420.1
MinimumVisualStudioVersion = 10.0.40219.1
Project("{FAE04EC0-301F-11D3-BF4B-00C04F79EFBC}") = "Adapter Pattern", "Adapter Pattern\Adapter Pattern.csproj", "{D1EA1DB3-B8D6-47F5-9469-C3CD03B2AFAB}"
EndProject
Project("{FAE04EC0-301F-11D3-BF4B-00C04F79EFBC}") = "Bridge Pattern", "Bridge Pattern\Bridge Pattern.csproj", "{E840D31A-2F17-4B0C-925E-759DCE6B2565}"
EndProject
Project("{FAE04EC0-301F-11D3-BF4B-00C04F79EFBC}") = "Builder Pattern", "Builder Pattern\Builder Pattern.csproj", "{7F625782-149F-4E6B-B6FF-E48E09184943}"
EndProject
Project("{FAE04EC0-301F-11D3-BF4B-00C04F79EFBC}") = "Chain Of Responsibility", "Chain Of Responsibility\Chain Of Responsibility.csproj", "{13E0A783-6FBC-4008-90CB-5CE399210285}"
EndProject
Project("{FAE04EC0-301F-11D3-BF4B-00C04F79EFBC}") = "Command", "Command\Command.csproj", "{BED81784-2EC4-4203-BCAB-56FEEF37EB03}"
EndProject
Project("{FAE04EC0-301F-11D3-BF4B-00C04F79EFBC}") = "Composite", "Composite\Composite.csproj", "{A90389AF-11A0-4305-8CD2-55D600065E67}"
EndProject
Project("{FAE04EC0-301F-11D3-BF4B-00C04F79EFBC}") = "Decorator", "Decorator\Decorator.csproj", "{FB302753-ADCE-4004-B01B-A5764AA4C9FE}"
EndProject
Project("{FAE04EC0-301F-11D3-BF4B-00C04F79EFBC}") = "Facade", "Facade\Facade.csproj", "{EF1832BE-1B8F-4F68-A9B3-37E658BD46CA}"
EndProject
Project("{FAE04EC0-301F-11D3-BF4B-00C04F79EFBC}") = "Factory", "Factory\Factory.csproj", "{E77688D7-D5D6-4359-890E-2D6519D0F55B}"
EndProject
Project("{FAE04EC0-301F-11D3-BF4B-00C04F79EFBC}") = "Flyweight", "Flyweight\Flyweight.csproj", "{69118256-79D0-4A08-826D-C781F2019477}"
EndProject
Project("{FAE04EC0-301F-11D3-BF4B-00C04F79EFBC}") = "Interpreter", "Interpreter\Interpreter.csproj", "{D67F76A9-E97C-4BDA-97D8-8F48556DA450}"
EndProject
Global
	GlobalSection(SolutionConfigurationPlatforms) = preSolution
		Debug|Any CPU = Debug|Any CPU
		Release|Any CPU = Release|Any CPU
	EndGlobalSection
	GlobalSection(ProjectConfigurationPlatforms) = postSolution
		{D1EA1DB3-B8D6-47F5-9469-C3CD03B2AFAB}.Debug|Any CPU.ActiveCfg = Debug|Any CPU
		{D1EA1DB3-B8D6-47F5-9469-C3CD03B2AFAB}.Debug|Any CPU.Build.0 = Debug|Any CPU
		{D1EA1DB3-B8D6-47F5-9469-C3CD03B2AFAB}.Release|Any CPU.ActiveCfg = Release|Any CPU
		{D1EA1DB3-B8D6-47F5-9469-C3CD03B2AFAB}.Release|Any CPU.Build.0 = Release|Any CPU
		{E840D31A-2F17-4B0C-925E-759DCE6B2565}.Debug|Any CPU.ActiveCfg = Debug|Any CPU
		{E840D31A-2F17-4B0C-925E-759DCE6B2565}.Debug|Any CPU.Build.0 = Debug|Any CPU
		{E840D31A-2F17-4B0C-925E-759DCE6B2565}.Release|Any CPU.ActiveCfg = Release|Any CPU
		{E840D31A-2F17-4B0C-925E-759DCE6B2565}.Release|Any CPU.Build.0 = Release|Any CPU
		{7F625782-149F-4E6B-B6FF-E48E09184943}.Debug|Any CPU.ActiveCfg = Debug|Any CPU
		{7F625782-149F-4E6B-B6FF-E48E09184943}.Debug|Any CPU.Build.0 = Debug|Any CPU
		{7F625782-149F-4E6B-B6FF-E48E09184943}.Release|Any CPU.ActiveCfg = Release|Any CPU
		{7F625782-149F-4E6B-B6FF-E48E09184943}.Release|Any CPU.Build.0 = Release|Any CPU
		{13E0A783-6FBC-4008-90CB-5CE399210285}.Debug|Any CPU.ActiveCfg = Debug|Any CPU
		{13E0A783-6FBC-4008-90CB-5CE399210285}.Debug|Any CPU.Build.0 = Debug|Any CPU
		{13E0A783-6FBC-4008-90CB-5CE399210285}.Release|Any CPU.ActiveCfg = Release|Any CPU
		{13E0A783-6FBC-4008-90CB-5CE399210285}.Release|Any CPU.Build.0 = Release|Any CPU
		{BED81784-2EC4-4203-BCAB-56FEEF37EB03}.Debug|Any CPU.ActiveCfg = Debug|Any CPU
		{BED81784-2EC4-4203-BCAB-56FEEF37EB03}.Debug|Any CPU.Build.0 = Debug|Any CPU
		{BED81784-2EC4-4203-BCAB-56FEEF37EB03}.Release|Any CPU.ActiveCfg = Release|Any CPU
		{BED81784-2EC4-4203-BCAB-56FEEF37EB03}.Release|Any CPU.Build.0 = Release|Any CPU
		{A90389AF-11A0-4305-8CD2-55D600065E67}.Debug|Any CPU.ActiveCfg = Debug|Any CPU
		{A90389AF-11A0-4305-8CD2-55D600065E67}.Debug|Any CPU.Build.0 = Debug|Any CPU
		{A90389AF-11A0-4305-8CD2-55D600065E67}.Release|Any CPU.ActiveCfg = Release|Any CPU
		{A90389AF-11A0-4305-8CD2-55D600065E67}.Release|Any CPU.Build.0 = Release|Any CPU
		{FB302753-ADCE-4004-B01B-A5764AA4C9FE}.Debug|Any CPU.ActiveCfg = Debug|Any CPU
		{FB302753-ADCE-4004-B01B-A5764AA4C9FE}.Debug|Any CPU.Build.0 = Debug|Any CPU
		{FB302753-ADCE-4004-B01B-A5764AA4C9FE}.Release|Any CPU.ActiveCfg = Release|Any CPU
		{FB302753-ADCE-4004-B01B-A5764AA4C9FE}.Release|Any CPU.Build.0 = Release|Any CPU
		{EF1832BE-1B8F-4F68-A9B3-37E658BD46CA}.Debug|Any CPU.ActiveCfg = Debug|Any CPU
		{EF1832BE-1B8F-4F68-A9B3-37E658BD46CA}.Debug|Any CPU.Build.0 = Debug|Any CPU
		{EF1832BE-1B8F-4F68-A9B3-37E658BD46CA}.Release|Any CPU.ActiveCfg = Release|Any CPU
		{EF1832BE-1B8F-4F68-A9B3-37E658BD46CA}.Release|Any CPU.Build.0 = Release|Any CPU
		{E77688D7-D5D6-4359-890E-2D6519D0F55B}.Debug|Any CPU.ActiveCfg = Debug|Any CPU
		{E77688D7-D5D6-4359-890E-2D6519D0F55B}.Debug|Any CPU.Build.0 = Debug|Any CPU
		{E77688D7-D5D6-4359-890E-2D6519D0F55B}.Release|Any CPU.ActiveCfg = Release|Any CPU
		{E77688D7-D5D6-4359-890E-2D6519D0F55B}.Release|Any CPU.Build.0 = Release|Any CPU
		{69118256-79D0-4A08-826D-C781F2019477}.Debug|Any CPU.ActiveCfg = Debug|Any CPU
		{69118256-79D0-4A08-826D-C781F2019477}.Debug|Any CPU.Build.0 = Debug|Any CPU
		{69118256-79D0-4A08-826D-C781F2019477}.Release|Any CPU.ActiveCfg = Release|Any CPU
		{69118256-79D0-4A08-826D-C781F2019477}.Release|Any CPU.Build.0 = Release|Any CPU
		{D67F76A9-E97C-4BDA-97D8-8F48556DA450}.Debug|Any CPU.ActiveCfg = Debug|Any CPU
		{D67F76A9-E97C-4BDA-97D8-8F48556DA450}.Debug|Any CPU.Build.0 = Debug|Any CPU
		{D67F76A9-E97C-4BDA-97D8-8F48556DA450}.Release|Any CPU.ActiveCfg = Release|Any CPU
		{D67F76A9-E97C-4BDA-97D8-8F48556DA450}.Release|Any CPU.Build.0 = Release|Any CPU
	EndGlobalSection
	GlobalSection(SolutionProperties) = preSolution
		HideSolutionNode = FALSE
	EndGlobalSection
EndGlobal
